// !$*UTF8*$!
{
	archiveVersion = 1;
	classes = {
	};
	objectVersion = 46;
	objects = {

/* Begin PBXBuildFile section */
		1022A6E51F14C95B00EBB305 /* AppDelegate.swift in Sources */ = {isa = PBXBuildFile; fileRef = 1022A6E41F14C95B00EBB305 /* AppDelegate.swift */; };
		1022A6E71F14C95B00EBB305 /* RestaurantsViewController.swift in Sources */ = {isa = PBXBuildFile; fileRef = 1022A6E61F14C95B00EBB305 /* RestaurantsViewController.swift */; };
		1022A6EA1F14C95B00EBB305 /* Main.storyboard in Resources */ = {isa = PBXBuildFile; fileRef = 1022A6E81F14C95B00EBB305 /* Main.storyboard */; };
		1022A6EC1F14C95B00EBB305 /* Assets.xcassets in Resources */ = {isa = PBXBuildFile; fileRef = 1022A6EB1F14C95B00EBB305 /* Assets.xcassets */; };
		1022A6EF1F14C95B00EBB305 /* LaunchScreen.storyboard in Resources */ = {isa = PBXBuildFile; fileRef = 1022A6ED1F14C95B00EBB305 /* LaunchScreen.storyboard */; };
		10E231711F152D6E0073B028 /* RestaurantTableCell.swift in Sources */ = {isa = PBXBuildFile; fileRef = 10E231701F152D6E0073B028 /* RestaurantTableCell.swift */; };
		10E231731F152EAD0073B028 /* RestaurantsFinder.swift in Sources */ = {isa = PBXBuildFile; fileRef = 10E231721F152EAD0073B028 /* RestaurantsFinder.swift */; };
		10E231751F152EFA0073B028 /* Restaurant.swift in Sources */ = {isa = PBXBuildFile; fileRef = 10E231741F152EFA0073B028 /* Restaurant.swift */; };
/* End PBXBuildFile section */

/* Begin PBXFileReference section */
		1022A6E11F14C95B00EBB305 /* ProjectBowl.app */ = {isa = PBXFileReference; explicitFileType = wrapper.application; includeInIndex = 0; path = ProjectBowl.app; sourceTree = BUILT_PRODUCTS_DIR; };
		1022A6E41F14C95B00EBB305 /* AppDelegate.swift */ = {isa = PBXFileReference; lastKnownFileType = sourcecode.swift; path = AppDelegate.swift; sourceTree = "<group>"; };
		1022A6E61F14C95B00EBB305 /* RestaurantsViewController.swift */ = {isa = PBXFileReference; lastKnownFileType = sourcecode.swift; path = RestaurantsViewController.swift; sourceTree = "<group>"; };
		1022A6E91F14C95B00EBB305 /* Base */ = {isa = PBXFileReference; lastKnownFileType = file.storyboard; name = Base; path = Base.lproj/Main.storyboard; sourceTree = "<group>"; };
		1022A6EB1F14C95B00EBB305 /* Assets.xcassets */ = {isa = PBXFileReference; lastKnownFileType = folder.assetcatalog; path = Assets.xcassets; sourceTree = "<group>"; };
		1022A6EE1F14C95B00EBB305 /* Base */ = {isa = PBXFileReference; lastKnownFileType = file.storyboard; name = Base; path = Base.lproj/LaunchScreen.storyboard; sourceTree = "<group>"; };
		1022A6F01F14C95B00EBB305 /* Info.plist */ = {isa = PBXFileReference; lastKnownFileType = text.plist.xml; path = Info.plist; sourceTree = "<group>"; };
		10E231701F152D6E0073B028 /* RestaurantTableCell.swift */ = {isa = PBXFileReference; fileEncoding = 4; lastKnownFileType = sourcecode.swift; path = RestaurantTableCell.swift; sourceTree = "<group>"; };
		10E231721F152EAD0073B028 /* RestaurantsFinder.swift */ = {isa = PBXFileReference; fileEncoding = 4; lastKnownFileType = sourcecode.swift; path = RestaurantsFinder.swift; sourceTree = "<group>"; };
		10E231741F152EFA0073B028 /* Restaurant.swift */ = {isa = PBXFileReference; fileEncoding = 4; lastKnownFileType = sourcecode.swift; path = Restaurant.swift; sourceTree = "<group>"; };
/* End PBXFileReference section */

/* Begin PBXFrameworksBuildPhase section */
		1022A6DE1F14C95B00EBB305 /* Frameworks */ = {
			isa = PBXFrameworksBuildPhase;
			buildActionMask = 2147483647;
			files = (
			);
			runOnlyForDeploymentPostprocessing = 0;
		};
/* End PBXFrameworksBuildPhase section */

/* Begin PBXGroup section */
		1022A6D81F14C95A00EBB305 = {
			isa = PBXGroup;
			children = (
				1022A6E31F14C95B00EBB305 /* ProjectBowl */,
				1022A6E21F14C95B00EBB305 /* Products */,
			);
			sourceTree = "<group>";
		};
		1022A6E21F14C95B00EBB305 /* Products */ = {
			isa = PBXGroup;
			children = (
				1022A6E11F14C95B00EBB305 /* ProjectBowl.app */,
			);
			name = Products;
			sourceTree = "<group>";
		};
		1022A6E31F14C95B00EBB305 /* ProjectBowl */ = {
			isa = PBXGroup;
			children = (
				10E2316F1F1529CE0073B028 /* Supporting Files */,
				10E2316E1F1529B90073B028 /* Controllers */,
				10E2316D1F1529B20073B028 /* Views */,
				10E2316C1F1529AA0073B028 /* Models */,
				1022A6E81F14C95B00EBB305 /* Main.storyboard */,
				1022A6EB1F14C95B00EBB305 /* Assets.xcassets */,
			);
			path = ProjectBowl;
			sourceTree = "<group>";
		};
		10E2316C1F1529AA0073B028 /* Models */ = {
			isa = PBXGroup;
			children = (
				10E231721F152EAD0073B028 /* RestaurantsFinder.swift */,
				10E231741F152EFA0073B028 /* Restaurant.swift */,
			);
			name = Models;
			sourceTree = "<group>";
		};
		10E2316D1F1529B20073B028 /* Views */ = {
			isa = PBXGroup;
			children = (
				10E231701F152D6E0073B028 /* RestaurantTableCell.swift */,
			);
			name = Views;
			sourceTree = "<group>";
		};
		10E2316E1F1529B90073B028 /* Controllers */ = {
			isa = PBXGroup;
			children = (
				1022A6E61F14C95B00EBB305 /* RestaurantsViewController.swift */,
			);
			name = Controllers;
			sourceTree = "<group>";
		};
		10E2316F1F1529CE0073B028 /* Supporting Files */ = {
			isa = PBXGroup;
			children = (
				1022A6E41F14C95B00EBB305 /* AppDelegate.swift */,
				1022A6ED1F14C95B00EBB305 /* LaunchScreen.storyboard */,
				1022A6F01F14C95B00EBB305 /* Info.plist */,
			);
			name = "Supporting Files";
			sourceTree = "<group>";
		};
/* End PBXGroup section */

/* Begin PBXNativeTarget section */
		1022A6E01F14C95B00EBB305 /* ProjectBowl */ = {
			isa = PBXNativeTarget;
			buildConfigurationList = 1022A6F31F14C95B00EBB305 /* Build configuration list for PBXNativeTarget "ProjectBowl" */;
			buildPhases = (
				1022A6DD1F14C95B00EBB305 /* Sources */,
				1022A6DE1F14C95B00EBB305 /* Frameworks */,
				1022A6DF1F14C95B00EBB305 /* Resources */,
			);
			buildRules = (
			);
			dependencies = (
			);
			name = ProjectBowl;
			productName = ProjectBowl;
			productReference = 1022A6E11F14C95B00EBB305 /* ProjectBowl.app */;
			productType = "com.apple.product-type.application";
		};
/* End PBXNativeTarget section */

/* Begin PBXProject section */
		1022A6D91F14C95A00EBB305 /* Project object */ = {
			isa = PBXProject;
			attributes = {
				LastSwiftUpdateCheck = 0830;
				LastUpgradeCheck = 0830;
				ORGANIZATIONNAME = ProjectBowl;
				TargetAttributes = {
					1022A6E01F14C95B00EBB305 = {
						CreatedOnToolsVersion = 8.3.3;
						ProvisioningStyle = Automatic;
					};
				};
			};
			buildConfigurationList = 1022A6DC1F14C95A00EBB305 /* Build configuration list for PBXProject "ProjectBowl" */;
			compatibilityVersion = "Xcode 3.2";
			developmentRegion = English;
			hasScannedForEncodings = 0;
			knownRegions = (
				en,
				Base,
			);
			mainGroup = 1022A6D81F14C95A00EBB305;
			productRefGroup = 1022A6E21F14C95B00EBB305 /* Products */;
			projectDirPath = "";
			projectRoot = "";
			targets = (
				1022A6E01F14C95B00EBB305 /* ProjectBowl */,
			);
		};
/* End PBXProject section */

/* Begin PBXResourcesBuildPhase section */
		1022A6DF1F14C95B00EBB305 /* Resources */ = {
			isa = PBXResourcesBuildPhase;
			buildActionMask = 2147483647;
			files = (
				1022A6EF1F14C95B00EBB305 /* LaunchScreen.storyboard in Resources */,
				1022A6EC1F14C95B00EBB305 /* Assets.xcassets in Resources */,
				1022A6EA1F14C95B00EBB305 /* Main.storyboard in Resources */,
			);
			runOnlyForDeploymentPostprocessing = 0;
		};
/* End PBXResourcesBuildPhase section */

/* Begin PBXSourcesBuildPhase section */
		1022A6DD1F14C95B00EBB305 /* Sources */ = {
			isa = PBXSourcesBuildPhase;
			buildActionMask = 2147483647;
			files = (
				10E231751F152EFA0073B028 /* Restaurant.swift in Sources */,
				10E231731F152EAD0073B028 /* RestaurantsFinder.swift in Sources */,
				1022A6E71F14C95B00EBB305 /* RestaurantsViewController.swift in Sources */,
				10E231711F152D6E0073B028 /* RestaurantTableCell.swift in Sources */,
				1022A6E51F14C95B00EBB305 /* AppDelegate.swift in Sources */,
			);
			runOnlyForDeploymentPostprocessing = 0;
		};
/* End PBXSourcesBuildPhase section */

/* Begin PBXVariantGroup section */
		1022A6E81F14C95B00EBB305 /* Main.storyboard */ = {
			isa = PBXVariantGroup;
			children = (
				1022A6E91F14C95B00EBB305 /* Base */,
			);
			name = Main.storyboard;
			sourceTree = "<group>";
		};
		1022A6ED1F14C95B00EBB305 /* LaunchScreen.storyboard */ = {
			isa = PBXVariantGroup;
			children = (
				1022A6EE1F14C95B00EBB305 /* Base */,
			);
			name = LaunchScreen.storyboard;
			sourceTree = "<group>";
		};
/* End PBXVariantGroup section */

/* Begin XCBuildConfiguration section */
		1022A6F11F14C95B00EBB305 /* Debug */ = {
			isa = XCBuildConfiguration;
			buildSettings = {
				ALWAYS_SEARCH_USER_PATHS = NO;
				CLANG_ANALYZER_NONNULL = YES;
				CLANG_ANALYZER_NUMBER_OBJECT_CONVERSION = YES_AGGRESSIVE;
				CLANG_CXX_LANGUAGE_STANDARD = "gnu++0x";
				CLANG_CXX_LIBRARY = "libc++";
				CLANG_ENABLE_MODULES = YES;
				CLANG_ENABLE_OBJC_ARC = YES;
				CLANG_WARN_BOOL_CONVERSION = YES;
				CLANG_WARN_CONSTANT_CONVERSION = YES;
				CLANG_WARN_DIRECT_OBJC_ISA_USAGE = YES_ERROR;
				CLANG_WARN_DOCUMENTATION_COMMENTS = YES;
				CLANG_WARN_EMPTY_BODY = YES;
				CLANG_WARN_ENUM_CONVERSION = YES;
				CLANG_WARN_INFINITE_RECURSION = YES;
				CLANG_WARN_INT_CONVERSION = YES;
				CLANG_WARN_OBJC_ROOT_CLASS = YES_ERROR;
				CLANG_WARN_SUSPICIOUS_MOVE = YES;
				CLANG_WARN_UNREACHABLE_CODE = YES;
				CLANG_WARN__DUPLICATE_METHOD_MATCH = YES;
				"CODE_SIGN_IDENTITY[sdk=iphoneos*]" = "iPhone Developer";
				COPY_PHASE_STRIP = NO;
				DEBUG_INFORMATION_FORMAT = dwarf;
				ENABLE_STRICT_OBJC_MSGSEND = YES;
				ENABLE_TESTABILITY = YES;
				GCC_C_LANGUAGE_STANDARD = gnu99;
				GCC_DYNAMIC_NO_PIC = NO;
				GCC_NO_COMMON_BLOCKS = YES;
				GCC_OPTIMIZATION_LEVEL = 0;
				GCC_PREPROCESSOR_DEFINITIONS = (
					"DEBUG=1",
					"$(inherited)",
				);
				GCC_WARN_64_TO_32_BIT_CONVERSION = YES;
				GCC_WARN_ABOUT_RETURN_TYPE = YES_ERROR;
				GCC_WARN_UNDECLARED_SELECTOR = YES;
				GCC_WARN_UNINITIALIZED_AUTOS = YES_AGGRESSIVE;
				GCC_WARN_UNUSED_FUNCTION = YES;
				GCC_WARN_UNUSED_VARIABLE = YES;
				IPHONEOS_DEPLOYMENT_TARGET = 10.3;
				MTL_ENABLE_DEBUG_INFO = YES;
				ONLY_ACTIVE_ARCH = YES;
				SDKROOT = iphoneos;
				SWIFT_ACTIVE_COMPILATION_CONDITIONS = DEBUG;
				SWIFT_OPTIMIZATION_LEVEL = "-Onone";
				TARGETED_DEVICE_FAMILY = "1,2";
			};
			name = Debug;
		};
		1022A6F21F14C95B00EBB305 /* Release */ = {
			isa = XCBuildConfiguration;
			buildSettings = {
				ALWAYS_SEARCH_USER_PATHS = NO;
				CLANG_ANALYZER_NONNULL = YES;
				CLANG_ANALYZER_NUMBER_OBJECT_CONVERSION = YES_AGGRESSIVE;
				CLANG_CXX_LANGUAGE_STANDARD = "gnu++0x";
				CLANG_CXX_LIBRARY = "libc++";
				CLANG_ENABLE_MODULES = YES;
				CLANG_ENABLE_OBJC_ARC = YES;
				CLANG_WARN_BOOL_CONVERSION = YES;
				CLANG_WARN_CONSTANT_CONVERSION = YES;
				CLANG_WARN_DIRECT_OBJC_ISA_USAGE = YES_ERROR;
				CLANG_WARN_DOCUMENTATION_COMMENTS = YES;
				CLANG_WARN_EMPTY_BODY = YES;
				CLANG_WARN_ENUM_CONVERSION = YES;
				CLANG_WARN_INFINITE_RECURSION = YES;
				CLANG_WARN_INT_CONVERSION = YES;
				CLANG_WARN_OBJC_ROOT_CLASS = YES_ERROR;
				CLANG_WARN_SUSPICIOUS_MOVE = YES;
				CLANG_WARN_UNREACHABLE_CODE = YES;
				CLANG_WARN__DUPLICATE_METHOD_MATCH = YES;
				"CODE_SIGN_IDENTITY[sdk=iphoneos*]" = "iPhone Developer";
				COPY_PHASE_STRIP = NO;
				DEBUG_INFORMATION_FORMAT = "dwarf-with-dsym";
				ENABLE_NS_ASSERTIONS = NO;
				ENABLE_STRICT_OBJC_MSGSEND = YES;
				GCC_C_LANGUAGE_STANDARD = gnu99;
				GCC_NO_COMMON_BLOCKS = YES;
				GCC_WARN_64_TO_32_BIT_CONVERSION = YES;
				GCC_WARN_ABOUT_RETURN_TYPE = YES_ERROR;
				GCC_WARN_UNDECLARED_SELECTOR = YES;
				GCC_WARN_UNINITIALIZED_AUTOS = YES_AGGRESSIVE;
				GCC_WARN_UNUSED_FUNCTION = YES;
				GCC_WARN_UNUSED_VARIABLE = YES;
				IPHONEOS_DEPLOYMENT_TARGET = 10.3;
				MTL_ENABLE_DEBUG_INFO = NO;
				SDKROOT = iphoneos;
				SWIFT_OPTIMIZATION_LEVEL = "-Owholemodule";
				TARGETED_DEVICE_FAMILY = "1,2";
				VALIDATE_PRODUCT = YES;
			};
			name = Release;
		};
		1022A6F41F14C95B00EBB305 /* Debug */ = {
			isa = XCBuildConfiguration;
			buildSettings = {
				ASSETCATALOG_COMPILER_APPICON_NAME = AppIcon;
				INFOPLIST_FILE = ProjectBowl/Info.plist;
				LD_RUNPATH_SEARCH_PATHS = "$(inherited) @executable_path/Frameworks";
				PRODUCT_BUNDLE_IDENTIFIER = com.CoverYourII.ProjectBowl;
				PRODUCT_NAME = "$(TARGET_NAME)";
				SWIFT_VERSION = 3.0;
			};
			name = Debug;
		};
		1022A6F51F14C95B00EBB305 /* Release */ = {
			isa = XCBuildConfiguration;
			buildSettings = {
				ASSETCATALOG_COMPILER_APPICON_NAME = AppIcon;
				INFOPLIST_FILE = ProjectBowl/Info.plist;
				LD_RUNPATH_SEARCH_PATHS = "$(inherited) @executable_path/Frameworks";
				PRODUCT_BUNDLE_IDENTIFIER = com.CoverYourII.ProjectBowl;
				PRODUCT_NAME = "$(TARGET_NAME)";
				SWIFT_VERSION = 3.0;
			};
			name = Release;
		};
/* End XCBuildConfiguration section */

/* Begin XCConfigurationList section */
		1022A6DC1F14C95A00EBB305 /* Build configuration list for PBXProject "ProjectBowl" */ = {
			isa = XCConfigurationList;
			buildConfigurations = (
				1022A6F11F14C95B00EBB305 /* Debug */,
				1022A6F21F14C95B00EBB305 /* Release */,
			);
			defaultConfigurationIsVisible = 0;
			defaultConfigurationName = Release;
		};
		1022A6F31F14C95B00EBB305 /* Build configuration list for PBXNativeTarget "ProjectBowl" */ = {
			isa = XCConfigurationList;
			buildConfigurations = (
				1022A6F41F14C95B00EBB305 /* Debug */,
				1022A6F51F14C95B00EBB305 /* Release */,
			);
			defaultConfigurationIsVisible = 0;
			defaultConfigurationName = Release;
		};
/* End XCConfigurationList section */
	};
	rootObject = 1022A6D91F14C95A00EBB305 /* Project object */;
}
